// !$*UTF8*$!
{
	archiveVersion = 1;
	classes = {
	};
	objectVersion = 77;
	objects = {

/* Begin PBXBuildFile section */
		01882407C87EE8CD8545AD3A /* HabitTrackerCardView.swift in Sources */ = {isa = PBXBuildFile; fileRef = 9AA6CB30D85668CDA815DE41 /* HabitTrackerCardView.swift */; };
		0D648CC2344F8F6DE1B44C6D /* ChatBubbleView.swift in Sources */ = {isa = PBXBuildFile; fileRef = FE7618036880053779773CE5 /* ChatBubbleView.swift */; };
		108351B7AC1351E3A723006B /* HabitTrackerFormView.swift in Sources */ = {isa = PBXBuildFile; fileRef = E7916200BAF477DE717FF740 /* HabitTrackerFormView.swift */; };
		185BD51875CC63C284691670 /* Notifications.swift in Sources */ = {isa = PBXBuildFile; fileRef = 541FF1C427BD52922B298737 /* Notifications.swift */; };
		199DCDDF68F8713C189D05FD /* AppDelegate.swift in Sources */ = {isa = PBXBuildFile; fileRef = DDDA9374BFB496DC310B133F /* AppDelegate.swift */; };
		1B20A10E1FD42DE2DAD38071 /* Config.swift in Sources */ = {isa = PBXBuildFile; fileRef = 68FFB9D50D2473DC4EA80FC2 /* Config.swift */; };
		2DA5A0A4C9F98B31BECE0E43 /* 포실이(투명).png in Resources */ = {isa = PBXBuildFile; fileRef = 6BEEDF33B6BA4C250F262C91 /* 포실이(투명).png */; };
		2E495F3BAC7718EAB6E0FB4C /* Assets.xcassets in Resources */ = {isa = PBXBuildFile; fileRef = DA69A7AC454A59D4370CA0AA /* Assets.xcassets */; };
		310E2FEAB88A3E62E14EC700 /* HabitTrackerView.swift in Sources */ = {isa = PBXBuildFile; fileRef = F13D6503838960444F2CA0B6 /* HabitTrackerView.swift */; };
		395ED4F51127F437671E11B5 /* DiaryWriteView.swift in Sources */ = {isa = PBXBuildFile; fileRef = 547F99007C6FCE58B7F29335 /* DiaryWriteView.swift */; };
		3C139AFE68DCE619848DCB71 /* DiaryItem.swift in Sources */ = {isa = PBXBuildFile; fileRef = D2C694A851AB63F042A05AC1 /* DiaryItem.swift */; };
		3EC67E34991A9E1E85726F5E /* BacklogView.swift in Sources */ = {isa = PBXBuildFile; fileRef = 1D826A844BE6F7D286ED09B9 /* BacklogView.swift */; };
		3FBDAC36601F0701A52E9D90 /* 앱이미지.png in Resources */ = {isa = PBXBuildFile; fileRef = 9A049AA85E6EC1B1FD764A2E /* 앱이미지.png */; };
		46548972895E7944B033EF46 /* DiaryListView.swift in Sources */ = {isa = PBXBuildFile; fileRef = E52D20FD884239995BBDC00C /* DiaryListView.swift */; };
		46AC3A0AFBE0EE18BAD84F1B /* TaskItem.swift in Sources */ = {isa = PBXBuildFile; fileRef = AE031E1DC9B579555F16B096 /* TaskItem.swift */; };
		51DF8B94BE030B25BDFABE60 /* 모바일배경.png in Resources */ = {isa = PBXBuildFile; fileRef = 12DF9FBB4D85C2F270AAC672 /* 모바일배경.png */; };
		52949332A075AC22A6D74643 /* DownwardBubbleShape.swift in Sources */ = {isa = PBXBuildFile; fileRef = 4D55F9D7FCCE9503B15B63A5 /* DownwardBubbleShape.swift */; };
		53051C295875E02B85336103 /* TodoViewModel.swift in Sources */ = {isa = PBXBuildFile; fileRef = 8DD29BCF03B4DCC1F72234C3 /* TodoViewModel.swift */; };
		64C40FAC4244CB7FA87E505E /* Notifications.swift in Sources */ = {isa = PBXBuildFile; fileRef = 541FF1C427BD52922B298737 /* Notifications.swift */; };
		674E1DDC6C3A3C05E535859C /* WidgetScheduleStore.swift in Sources */ = {isa = PBXBuildFile; fileRef = DB8B7BD1BEADE12B74909D2C /* WidgetScheduleStore.swift */; };
		680B1FB46FFFBEB496161FC8 /* MainTabView.swift in Sources */ = {isa = PBXBuildFile; fileRef = 47CB4229136599A8BA65F44C /* MainTabView.swift */; };
		6903FAAFADF91E26AED656F6 /* 포실이(투명).png in Resources */ = {isa = PBXBuildFile; fileRef = 7C66F6E22CD38ED9563C49F4 /* 포실이(투명).png */; };
		69E6B81F2C9230C1DCA47B37 /* SupabaseService.swift in Sources */ = {isa = PBXBuildFile; fileRef = 7AF31EBB9A3CF5C2540D76F8 /* SupabaseService.swift */; };
		6B1E60F44EA898EC371A4B4E /* OverlayRootView.swift in Sources */ = {isa = PBXBuildFile; fileRef = 6EC4808FE02D6272C60A42FA /* OverlayRootView.swift */; };
		7E18E6B2DE7080B7F6B76D0C /* LoginView.swift in Sources */ = {isa = PBXBuildFile; fileRef = B02DFAC49D9D4482ECF09A64 /* LoginView.swift */; };
		8F3CE139D3BD95A22AF354BB /* Config.swift in Sources */ = {isa = PBXBuildFile; fileRef = 68FFB9D50D2473DC4EA80FC2 /* Config.swift */; };
		92F16E8E33B86336DBB3B45E /* WidgetScheduleStore.swift in Sources */ = {isa = PBXBuildFile; fileRef = DB8B7BD1BEADE12B74909D2C /* WidgetScheduleStore.swift */; };
		943E1D60032F7A8DC0C5C579 /* SupabaseService.swift in Sources */ = {isa = PBXBuildFile; fileRef = 7AF31EBB9A3CF5C2540D76F8 /* SupabaseService.swift */; };
		95A8B2A66477B99708E3829B /* PomodoroView.swift in Sources */ = {isa = PBXBuildFile; fileRef = 898FE1884CC98AC208FBAA6E /* PomodoroView.swift */; };
		95DAAF8BAF3088F722036F91 /* ContentView.swift in Sources */ = {isa = PBXBuildFile; fileRef = 70E0F19BC75F1A6C397BBE1C /* ContentView.swift */; };
		9614CADE3D87EF9BA758FAF4 /* 물 주는 포실이.gif in Resources */ = {isa = PBXBuildFile; fileRef = A116B7DBFAC47A89BE9EA8BE /* 물 주는 포실이.gif */; };
		A4D32CEED0B186968C3C889E /* ScheduleItem.swift in Sources */ = {isa = PBXBuildFile; fileRef = AC32AEBCA73A2947E5767A41 /* ScheduleItem.swift */; };
		A64122DBEB6634B70B142AAC /* LoginView.swift in Sources */ = {isa = PBXBuildFile; fileRef = 852B8983CE9BC8617F83ECBD /* LoginView.swift */; };
		A7125755B5C6272EF6489109 /* DiaryItem.swift in Sources */ = {isa = PBXBuildFile; fileRef = D2C694A851AB63F042A05AC1 /* DiaryItem.swift */; };
		ACC434D4F3C6CB14E9B5D645 /* TaskItem.swift in Sources */ = {isa = PBXBuildFile; fileRef = AE031E1DC9B579555F16B096 /* TaskItem.swift */; };
		BF72152F5A83BBC8013D7216 /* 포실이 앱 아이콘.png in Resources */ = {isa = PBXBuildFile; fileRef = 87A559DEF644037CCB12B963 /* 포실이 앱 아이콘.png */; };
		C4F4462F705B6C84836B0ECF /* HabitTrackerItem.swift in Sources */ = {isa = PBXBuildFile; fileRef = F85A90516C48B9FF889E29A8 /* HabitTrackerItem.swift */; };
		CAEC59D5B68A5480E504DBF2 /* ScheduleWidgetService.swift in Sources */ = {isa = PBXBuildFile; fileRef = 3EBE98E4AA439E5B105C2588 /* ScheduleWidgetService.swift */; };
		D159B7C3FCC77C25D462E9FE /* AuthService.swift in Sources */ = {isa = PBXBuildFile; fileRef = 301769FE9AC7E8DA1E0CB788 /* AuthService.swift */; };
		D2ED8A232E2920AC0D900135 /* PotatoBuddyApp.swift in Sources */ = {isa = PBXBuildFile; fileRef = ABB608B81557591785536A64 /* PotatoBuddyApp.swift */; };
		D8B31DB54794DFAA42FE92A2 /* HabitTrackerItem.swift in Sources */ = {isa = PBXBuildFile; fileRef = F85A90516C48B9FF889E29A8 /* HabitTrackerItem.swift */; };
		DB972F13B96FFEC35DAD6E17 /* ScheduleItem.swift in Sources */ = {isa = PBXBuildFile; fileRef = AC32AEBCA73A2947E5767A41 /* ScheduleItem.swift */; };
		DE251144FA08275BFCC4D540 /* PomodoroTimerViewModel.swift in Sources */ = {isa = PBXBuildFile; fileRef = BAED64335E137E7C0A4F7265 /* PomodoroTimerViewModel.swift */; };
		E07C57782C90A202B7737328 /* TodayView.swift in Sources */ = {isa = PBXBuildFile; fileRef = 607BDE05A4DD4BE69A4932DA /* TodayView.swift */; };
		E36C962B966204F6559F1749 /* ScheduleWidgetExtension.appex in Embed Foundation Extensions */ = {isa = PBXBuildFile; fileRef = 97B324C9F1AB5D40D49B5E29 /* ScheduleWidgetExtension.appex */; settings = {ATTRIBUTES = (RemoveHeadersOnCopy, ); }; };
		E55319BA3F5F13380251C8DB /* CharacterView.swift in Sources */ = {isa = PBXBuildFile; fileRef = 34391A214A69FA4C5B297D86 /* CharacterView.swift */; };
		E912479265FEF7F1D9EB383C /* PotatoBuddyiOSApp.swift in Sources */ = {isa = PBXBuildFile; fileRef = 1135FADE4C8DF6A8508C291E /* PotatoBuddyiOSApp.swift */; };
		EF1F6C5100CD872A2E638934 /* SettingsView.swift in Sources */ = {isa = PBXBuildFile; fileRef = 17F2503650D67FEFAECD28EC /* SettingsView.swift */; };
		EF28384196877F786C0CED50 /* 포실이뽀모도로.png in Resources */ = {isa = PBXBuildFile; fileRef = 7707A38521008641F0613304 /* 포실이뽀모도로.png */; };
		FA02ED3C589CF9E19E54ECDC /* ScheduleWidgetBundle.swift in Sources */ = {isa = PBXBuildFile; fileRef = CAB43CB7FED3699D0B1A7E1C /* ScheduleWidgetBundle.swift */; };
		FC7F1B03C1972CCA1401550E /* AuthService.swift in Sources */ = {isa = PBXBuildFile; fileRef = 301769FE9AC7E8DA1E0CB788 /* AuthService.swift */; };
		FCE237435B2D654EEE2A4100 /* FloatingWindow.swift in Sources */ = {isa = PBXBuildFile; fileRef = 6DE144137C6E052E6256E8A2 /* FloatingWindow.swift */; };
		FEC7106BC26FF1ED93A540ED /* ScheduleCalendarView.swift in Sources */ = {isa = PBXBuildFile; fileRef = 4CC56B1102F36D279C196D42 /* ScheduleCalendarView.swift */; };
		A8F3C1D0E2B7496A91C0D5E1 /* SummerClockView.swift in Sources */ = {isa = PBXBuildFile; fileRef = A8F3C1D0E2B7496A91C0D5E0 /* SummerClockView.swift */; };
		A8F3C1D0E2B7496A91C0D5E3 /* summer.png in Resources */ = {isa = PBXBuildFile; fileRef = A8F3C1D0E2B7496A91C0D5E2 /* summer.png */; };
		A91B2C3D4E5F60718293A02 /* TravelAbroadModels.swift in Sources */ = {isa = PBXBuildFile; fileRef = A91B2C3D4E5F60718293A01 /* TravelAbroadModels.swift */; };
		A91B2C3D4E5F60718293A03 /* TravelAbroadModels.swift in Sources */ = {isa = PBXBuildFile; fileRef = A91B2C3D4E5F60718293A01 /* TravelAbroadModels.swift */; };
		A91B2C3D4E5F60718293A12 /* TravelItineraryView.swift in Sources */ = {isa = PBXBuildFile; fileRef = A91B2C3D4E5F60718293A11 /* TravelItineraryView.swift */; };
		A91B2C3D4E5F60718293A22 /* TravelItineraryDetailView.swift in Sources */ = {isa = PBXBuildFile; fileRef = A91B2C3D4E5F60718293A21 /* TravelItineraryDetailView.swift */; };
		A91B2C3D4E5F60718293A32 /* TravelItineraryCreateView.swift in Sources */ = {isa = PBXBuildFile; fileRef = A91B2C3D4E5F60718293A31 /* TravelItineraryCreateView.swift */; };
		A91B2C3D4E5F60718293A42 /* TravelItineraryItemFormView.swift in Sources */ = {isa = PBXBuildFile; fileRef = A91B2C3D4E5F60718293A41 /* TravelItineraryItemFormView.swift */; };
		A91B2C3D4E5F60718293A52 /* TravelItineraryPackingListView.swift in Sources */ = {isa = PBXBuildFile; fileRef = A91B2C3D4E5F60718293A51 /* TravelItineraryPackingListView.swift */; };
		A91B2C3D4E5F60718293A62 /* TravelItinerarySpareListView.swift in Sources */ = {isa = PBXBuildFile; fileRef = A91B2C3D4E5F60718293A61 /* TravelItinerarySpareListView.swift */; };
		A91B2C3D4E5F60718293A72 /* TravelItinerarySouvenirListView.swift in Sources */ = {isa = PBXBuildFile; fileRef = A91B2C3D4E5F60718293A71 /* TravelItinerarySouvenirListView.swift */; };
/* End PBXBuildFile section */

/* Begin PBXContainerItemProxy section */
		051E61E9A6E144DFBECF09F0 /* PBXContainerItemProxy */ = {
			isa = PBXContainerItemProxy;
			containerPortal = EF4541F350B298A2E4439678 /* Project object */;
			proxyType = 1;
			remoteGlobalIDString = 4D643880567566133B42BA71;
			remoteInfo = ScheduleWidgetExtension;
		};
/* End PBXContainerItemProxy section */

/* Begin PBXCopyFilesBuildPhase section */
		70803CE097796EA6B9BABA05 /* Embed Foundation Extensions */ = {
			isa = PBXCopyFilesBuildPhase;
			buildActionMask = 2147483647;
			dstPath = "";
			dstSubfolderSpec = 13;
			files = (
				E36C962B966204F6559F1749 /* ScheduleWidgetExtension.appex in Embed Foundation Extensions */,
			);
			name = "Embed Foundation Extensions";
			runOnlyForDeploymentPostprocessing = 0;
		};
/* End PBXCopyFilesBuildPhase section */

/* Begin PBXFileReference section */
		0FD17E57252F9B177B544AD9 /* PotatoBuddyiOS.entitlements */ = {isa = PBXFileReference; lastKnownFileType = text.plist.entitlements; path = PotatoBuddyiOS.entitlements; sourceTree = "<group>"; };
		1135FADE4C8DF6A8508C291E /* PotatoBuddyiOSApp.swift */ = {isa = PBXFileReference; lastKnownFileType = sourcecode.swift; path = PotatoBuddyiOSApp.swift; sourceTree = "<group>"; };
		12DF9FBB4D85C2F270AAC672 /* 모바일배경.png */ = {isa = PBXFileReference; lastKnownFileType = image.png; path = "모바일배경.png"; sourceTree = "<group>"; };
		16ED2268DFB8CD43F90BC3BA /* Info.plist */ = {isa = PBXFileReference; lastKnownFileType = text.plist; path = Info.plist; sourceTree = "<group>"; };
		17F2503650D67FEFAECD28EC /* SettingsView.swift */ = {isa = PBXFileReference; lastKnownFileType = sourcecode.swift; path = SettingsView.swift; sourceTree = "<group>"; };
		A8F3C1D0E2B7496A91C0D5E0 /* SummerClockView.swift */ = {isa = PBXFileReference; lastKnownFileType = sourcecode.swift; path = SummerClockView.swift; sourceTree = "<group>"; };
		A8F3C1D0E2B7496A91C0D5E2 /* summer.png */ = {isa = PBXFileReference; lastKnownFileType = image.png; path = summer.png; sourceTree = "<group>"; };
		A91B2C3D4E5F60718293A01 /* TravelAbroadModels.swift */ = {isa = PBXFileReference; lastKnownFileType = sourcecode.swift; path = TravelAbroadModels.swift; sourceTree = "<group>"; };
		A91B2C3D4E5F60718293A11 /* TravelItineraryView.swift */ = {isa = PBXFileReference; lastKnownFileType = sourcecode.swift; path = TravelItineraryView.swift; sourceTree = "<group>"; };
		A91B2C3D4E5F60718293A21 /* TravelItineraryDetailView.swift */ = {isa = PBXFileReference; lastKnownFileType = sourcecode.swift; path = TravelItineraryDetailView.swift; sourceTree = "<group>"; };
		A91B2C3D4E5F60718293A31 /* TravelItineraryCreateView.swift */ = {isa = PBXFileReference; lastKnownFileType = sourcecode.swift; path = TravelItineraryCreateView.swift; sourceTree = "<group>"; };
		A91B2C3D4E5F60718293A41 /* TravelItineraryItemFormView.swift */ = {isa = PBXFileReference; lastKnownFileType = sourcecode.swift; path = TravelItineraryItemFormView.swift; sourceTree = "<group>"; };
		A91B2C3D4E5F60718293A51 /* TravelItineraryPackingListView.swift */ = {isa = PBXFileReference; lastKnownFileType = sourcecode.swift; path = TravelItineraryPackingListView.swift; sourceTree = "<group>"; };
		A91B2C3D4E5F60718293A61 /* TravelItinerarySpareListView.swift */ = {isa = PBXFileReference; lastKnownFileType = sourcecode.swift; path = TravelItinerarySpareListView.swift; sourceTree = "<group>"; };
		A91B2C3D4E5F60718293A71 /* TravelItinerarySouvenirListView.swift */ = {isa = PBXFileReference; lastKnownFileType = sourcecode.swift; path = TravelItinerarySouvenirListView.swift; sourceTree = "<group>"; };
		1D826A844BE6F7D286ED09B9 /* BacklogView.swift */ = {isa = PBXFileReference; lastKnownFileType = sourcecode.swift; path = BacklogView.swift; sourceTree = "<group>"; };
		301769FE9AC7E8DA1E0CB788 /* AuthService.swift */ = {isa = PBXFileReference; lastKnownFileType = sourcecode.swift; path = AuthService.swift; sourceTree = "<group>"; };
		34391A214A69FA4C5B297D86 /* CharacterView.swift */ = {isa = PBXFileReference; lastKnownFileType = sourcecode.swift; path = CharacterView.swift; sourceTree = "<group>"; };
		394B0F1AC9D67928D58637F1 /* PotatoBuddy.entitlements */ = {isa = PBXFileReference; lastKnownFileType = text.plist.entitlements; path = PotatoBuddy.entitlements; sourceTree = "<group>"; };
		3EBE98E4AA439E5B105C2588 /* ScheduleWidgetService.swift */ = {isa = PBXFileReference; lastKnownFileType = sourcecode.swift; path = ScheduleWidgetService.swift; sourceTree = "<group>"; };
		47CB4229136599A8BA65F44C /* MainTabView.swift */ = {isa = PBXFileReference; lastKnownFileType = sourcecode.swift; path = MainTabView.swift; sourceTree = "<group>"; };
		4CC56B1102F36D279C196D42 /* ScheduleCalendarView.swift */ = {isa = PBXFileReference; lastKnownFileType = sourcecode.swift; path = ScheduleCalendarView.swift; sourceTree = "<group>"; };
		4D55F9D7FCCE9503B15B63A5 /* DownwardBubbleShape.swift */ = {isa = PBXFileReference; lastKnownFileType = sourcecode.swift; path = DownwardBubbleShape.swift; sourceTree = "<group>"; };
		541FF1C427BD52922B298737 /* Notifications.swift */ = {isa = PBXFileReference; lastKnownFileType = sourcecode.swift; path = Notifications.swift; sourceTree = "<group>"; };
		547F99007C6FCE58B7F29335 /* DiaryWriteView.swift */ = {isa = PBXFileReference; lastKnownFileType = sourcecode.swift; path = DiaryWriteView.swift; sourceTree = "<group>"; };
		607BDE05A4DD4BE69A4932DA /* TodayView.swift */ = {isa = PBXFileReference; lastKnownFileType = sourcecode.swift; path = TodayView.swift; sourceTree = "<group>"; };
		6320DB8612B044B1392DDE75 /* Info.plist */ = {isa = PBXFileReference; lastKnownFileType = text.plist; path = Info.plist; sourceTree = "<group>"; };
		68FFB9D50D2473DC4EA80FC2 /* Config.swift */ = {isa = PBXFileReference; lastKnownFileType = sourcecode.swift; path = Config.swift; sourceTree = "<group>"; };
		6BEEDF33B6BA4C250F262C91 /* 포실이(투명).png */ = {isa = PBXFileReference; lastKnownFileType = image.png; path = "포실이(투명).png"; sourceTree = "<group>"; };
		6DE144137C6E052E6256E8A2 /* FloatingWindow.swift */ = {isa = PBXFileReference; lastKnownFileType = sourcecode.swift; path = FloatingWindow.swift; sourceTree = "<group>"; };
		6EC4808FE02D6272C60A42FA /* OverlayRootView.swift */ = {isa = PBXFileReference; lastKnownFileType = sourcecode.swift; path = OverlayRootView.swift; sourceTree = "<group>"; };
		70E0F19BC75F1A6C397BBE1C /* ContentView.swift */ = {isa = PBXFileReference; lastKnownFileType = sourcecode.swift; path = ContentView.swift; sourceTree = "<group>"; };
		7707A38521008641F0613304 /* 포실이뽀모도로.png */ = {isa = PBXFileReference; lastKnownFileType = image.png; path = "포실이뽀모도로.png"; sourceTree = "<group>"; };
		7AF31EBB9A3CF5C2540D76F8 /* SupabaseService.swift */ = {isa = PBXFileReference; lastKnownFileType = sourcecode.swift; path = SupabaseService.swift; sourceTree = "<group>"; };
		7C66F6E22CD38ED9563C49F4 /* 포실이(투명).png */ = {isa = PBXFileReference; lastKnownFileType = image.png; path = "포실이(투명).png"; sourceTree = "<group>"; };
		852B8983CE9BC8617F83ECBD /* LoginView.swift */ = {isa = PBXFileReference; lastKnownFileType = sourcecode.swift; path = LoginView.swift; sourceTree = "<group>"; };
		87A559DEF644037CCB12B963 /* 포실이 앱 아이콘.png */ = {isa = PBXFileReference; lastKnownFileType = image.png; path = "포실이 앱 아이콘.png"; sourceTree = "<group>"; };
		898FE1884CC98AC208FBAA6E /* PomodoroView.swift */ = {isa = PBXFileReference; lastKnownFileType = sourcecode.swift; path = PomodoroView.swift; sourceTree = "<group>"; };
		8BFFADCA528934985EE8E602 /* Info.plist */ = {isa = PBXFileReference; lastKnownFileType = text.plist; path = Info.plist; sourceTree = "<group>"; };
		8DD29BCF03B4DCC1F72234C3 /* TodoViewModel.swift */ = {isa = PBXFileReference; lastKnownFileType = sourcecode.swift; path = TodoViewModel.swift; sourceTree = "<group>"; };
		97B324C9F1AB5D40D49B5E29 /* ScheduleWidgetExtension.appex */ = {isa = PBXFileReference; explicitFileType = "wrapper.app-extension"; includeInIndex = 0; path = ScheduleWidgetExtension.appex; sourceTree = BUILT_PRODUCTS_DIR; };
		9A049AA85E6EC1B1FD764A2E /* 앱이미지.png */ = {isa = PBXFileReference; lastKnownFileType = image.png; path = "앱이미지.png"; sourceTree = "<group>"; };
		9AA6CB30D85668CDA815DE41 /* HabitTrackerCardView.swift */ = {isa = PBXFileReference; lastKnownFileType = sourcecode.swift; path = HabitTrackerCardView.swift; sourceTree = "<group>"; };
		A116B7DBFAC47A89BE9EA8BE /* 물 주는 포실이.gif */ = {isa = PBXFileReference; lastKnownFileType = image.gif; path = "물 주는 포실이.gif"; sourceTree = "<group>"; };
		A3AC895187BF5EB8BF855D3C /* PotatoBuddy.app */ = {isa = PBXFileReference; explicitFileType = wrapper.application; includeInIndex = 0; path = PotatoBuddy.app; sourceTree = BUILT_PRODUCTS_DIR; };
		ABB608B81557591785536A64 /* PotatoBuddyApp.swift */ = {isa = PBXFileReference; lastKnownFileType = sourcecode.swift; path = PotatoBuddyApp.swift; sourceTree = "<group>"; };
		AC32AEBCA73A2947E5767A41 /* ScheduleItem.swift */ = {isa = PBXFileReference; lastKnownFileType = sourcecode.swift; path = ScheduleItem.swift; sourceTree = "<group>"; };
		AE031E1DC9B579555F16B096 /* TaskItem.swift */ = {isa = PBXFileReference; lastKnownFileType = sourcecode.swift; path = TaskItem.swift; sourceTree = "<group>"; };
		B02DFAC49D9D4482ECF09A64 /* LoginView.swift */ = {isa = PBXFileReference; lastKnownFileType = sourcecode.swift; path = LoginView.swift; sourceTree = "<group>"; };
		BAED64335E137E7C0A4F7265 /* PomodoroTimerViewModel.swift */ = {isa = PBXFileReference; lastKnownFileType = sourcecode.swift; path = PomodoroTimerViewModel.swift; sourceTree = "<group>"; };
		CAB43CB7FED3699D0B1A7E1C /* ScheduleWidgetBundle.swift */ = {isa = PBXFileReference; lastKnownFileType = sourcecode.swift; path = ScheduleWidgetBundle.swift; sourceTree = "<group>"; };
		D2C694A851AB63F042A05AC1 /* DiaryItem.swift */ = {isa = PBXFileReference; lastKnownFileType = sourcecode.swift; path = DiaryItem.swift; sourceTree = "<group>"; };
		DA3A098CD3E5E0FDEDA0DE5D /* ScheduleWidget.entitlements */ = {isa = PBXFileReference; lastKnownFileType = text.plist.entitlements; path = ScheduleWidget.entitlements; sourceTree = "<group>"; };
		DA69A7AC454A59D4370CA0AA /* Assets.xcassets */ = {isa = PBXFileReference; lastKnownFileType = folder.assetcatalog; path = Assets.xcassets; sourceTree = "<group>"; };
		DB8B7BD1BEADE12B74909D2C /* WidgetScheduleStore.swift */ = {isa = PBXFileReference; lastKnownFileType = sourcecode.swift; path = WidgetScheduleStore.swift; sourceTree = "<group>"; };
		DC39AB8BC8BEB8056A67FDB4 /* PotatoBuddyiOS.app */ = {isa = PBXFileReference; explicitFileType = wrapper.application; includeInIndex = 0; path = PotatoBuddyiOS.app; sourceTree = BUILT_PRODUCTS_DIR; };
		DDDA9374BFB496DC310B133F /* AppDelegate.swift */ = {isa = PBXFileReference; lastKnownFileType = sourcecode.swift; path = AppDelegate.swift; sourceTree = "<group>"; };
		E52D20FD884239995BBDC00C /* DiaryListView.swift */ = {isa = PBXFileReference; lastKnownFileType = sourcecode.swift; path = DiaryListView.swift; sourceTree = "<group>"; };
		E7916200BAF477DE717FF740 /* HabitTrackerFormView.swift */ = {isa = PBXFileReference; lastKnownFileType = sourcecode.swift; path = HabitTrackerFormView.swift; sourceTree = "<group>"; };
		F13D6503838960444F2CA0B6 /* HabitTrackerView.swift */ = {isa = PBXFileReference; lastKnownFileType = sourcecode.swift; path = HabitTrackerView.swift; sourceTree = "<group>"; };
		F85A90516C48B9FF889E29A8 /* HabitTrackerItem.swift */ = {isa = PBXFileReference; lastKnownFileType = sourcecode.swift; path = HabitTrackerItem.swift; sourceTree = "<group>"; };
		FE7618036880053779773CE5 /* ChatBubbleView.swift */ = {isa = PBXFileReference; lastKnownFileType = sourcecode.swift; path = ChatBubbleView.swift; sourceTree = "<group>"; };
/* End PBXFileReference section */

/* Begin PBXGroup section */
		146C1958BB83CF47CD3CFAAE /* Shared */ = {
			isa = PBXGroup;
			children = (
				301769FE9AC7E8DA1E0CB788 /* AuthService.swift */,
				68FFB9D50D2473DC4EA80FC2 /* Config.swift */,
				D2C694A851AB63F042A05AC1 /* DiaryItem.swift */,
				F85A90516C48B9FF889E29A8 /* HabitTrackerItem.swift */,
				541FF1C427BD52922B298737 /* Notifications.swift */,
				AC32AEBCA73A2947E5767A41 /* ScheduleItem.swift */,
				7AF31EBB9A3CF5C2540D76F8 /* SupabaseService.swift */,
				AE031E1DC9B579555F16B096 /* TaskItem.swift */,
				A91B2C3D4E5F60718293A01 /* TravelAbroadModels.swift */,
				DB8B7BD1BEADE12B74909D2C /* WidgetScheduleStore.swift */,
			);
			path = Shared;
			sourceTree = "<group>";
		};
		882C2CB70475B3D250BA0157 = {
			isa = PBXGroup;
			children = (
				E1DEB7488353FCD1EA2C956E /* PotatoBuddy */,
				A0404CF5825ADE4B7DE25604 /* PotatoBuddyiOS */,
				A42283C8F283CC18A98377BD /* ScheduleWidget */,
				146C1958BB83CF47CD3CFAAE /* Shared */,
				F8742928AEF3C31BE092B60D /* Products */,
			);
			sourceTree = "<group>";
		};
		A0404CF5825ADE4B7DE25604 /* PotatoBuddyiOS */ = {
			isa = PBXGroup;
			children = (
				12DF9FBB4D85C2F270AAC672 /* 모바일배경.png */,
				9A049AA85E6EC1B1FD764A2E /* 앱이미지.png */,
				7707A38521008641F0613304 /* 포실이뽀모도로.png */,
				6BEEDF33B6BA4C250F262C91 /* 포실이(투명).png */,
				DA69A7AC454A59D4370CA0AA /* Assets.xcassets */,
				1D826A844BE6F7D286ED09B9 /* BacklogView.swift */,
				70E0F19BC75F1A6C397BBE1C /* ContentView.swift */,
				E52D20FD884239995BBDC00C /* DiaryListView.swift */,
				547F99007C6FCE58B7F29335 /* DiaryWriteView.swift */,
				9AA6CB30D85668CDA815DE41 /* HabitTrackerCardView.swift */,
				E7916200BAF477DE717FF740 /* HabitTrackerFormView.swift */,
				F13D6503838960444F2CA0B6 /* HabitTrackerView.swift */,
				16ED2268DFB8CD43F90BC3BA /* Info.plist */,
				852B8983CE9BC8617F83ECBD /* LoginView.swift */,
				47CB4229136599A8BA65F44C /* MainTabView.swift */,
				BAED64335E137E7C0A4F7265 /* PomodoroTimerViewModel.swift */,
				898FE1884CC98AC208FBAA6E /* PomodoroView.swift */,
				0FD17E57252F9B177B544AD9 /* PotatoBuddyiOS.entitlements */,
				1135FADE4C8DF6A8508C291E /* PotatoBuddyiOSApp.swift */,
				4CC56B1102F36D279C196D42 /* ScheduleCalendarView.swift */,
				3EBE98E4AA439E5B105C2588 /* ScheduleWidgetService.swift */,
				17F2503650D67FEFAECD28EC /* SettingsView.swift */,
				A8F3C1D0E2B7496A91C0D5E0 /* SummerClockView.swift */,
				A8F3C1D0E2B7496A91C0D5E2 /* summer.png */,
				607BDE05A4DD4BE69A4932DA /* TodayView.swift */,
				A91B2C3D4E5F60718293A31 /* TravelItineraryCreateView.swift */,
				A91B2C3D4E5F60718293A21 /* TravelItineraryDetailView.swift */,
				A91B2C3D4E5F60718293A41 /* TravelItineraryItemFormView.swift */,
				A91B2C3D4E5F60718293A51 /* TravelItineraryPackingListView.swift */,
				A91B2C3D4E5F60718293A61 /* TravelItinerarySpareListView.swift */,
				A91B2C3D4E5F60718293A71 /* TravelItinerarySouvenirListView.swift */,
				A91B2C3D4E5F60718293A11 /* TravelItineraryView.swift */,
			);
			path = PotatoBuddyiOS;
			sourceTree = "<group>";
		};
		A42283C8F283CC18A98377BD /* ScheduleWidget */ = {
			isa = PBXGroup;
			children = (
				8BFFADCA528934985EE8E602 /* Info.plist */,
				DA3A098CD3E5E0FDEDA0DE5D /* ScheduleWidget.entitlements */,
				CAB43CB7FED3699D0B1A7E1C /* ScheduleWidgetBundle.swift */,
			);
			path = ScheduleWidget;
			sourceTree = "<group>";
		};
		E1DEB7488353FCD1EA2C956E /* PotatoBuddy */ = {
			isa = PBXGroup;
			children = (
				A116B7DBFAC47A89BE9EA8BE /* 물 주는 포실이.gif */,
				7C66F6E22CD38ED9563C49F4 /* 포실이(투명).png */,
				87A559DEF644037CCB12B963 /* 포실이 앱 아이콘.png */,
				DDDA9374BFB496DC310B133F /* AppDelegate.swift */,
				34391A214A69FA4C5B297D86 /* CharacterView.swift */,
				FE7618036880053779773CE5 /* ChatBubbleView.swift */,
				4D55F9D7FCCE9503B15B63A5 /* DownwardBubbleShape.swift */,
				6DE144137C6E052E6256E8A2 /* FloatingWindow.swift */,
				6320DB8612B044B1392DDE75 /* Info.plist */,
				B02DFAC49D9D4482ECF09A64 /* LoginView.swift */,
				6EC4808FE02D6272C60A42FA /* OverlayRootView.swift */,
				394B0F1AC9D67928D58637F1 /* PotatoBuddy.entitlements */,
				ABB608B81557591785536A64 /* PotatoBuddyApp.swift */,
				8DD29BCF03B4DCC1F72234C3 /* TodoViewModel.swift */,
			);
			path = PotatoBuddy;
			sourceTree = "<group>";
		};
		F8742928AEF3C31BE092B60D /* Products */ = {
			isa = PBXGroup;
			children = (
				A3AC895187BF5EB8BF855D3C /* PotatoBuddy.app */,
				DC39AB8BC8BEB8056A67FDB4 /* PotatoBuddyiOS.app */,
				97B324C9F1AB5D40D49B5E29 /* ScheduleWidgetExtension.appex */,
			);
			name = Products;
			sourceTree = "<group>";
		};
/* End PBXGroup section */

/* Begin PBXNativeTarget section */
		4D643880567566133B42BA71 /* ScheduleWidgetExtension */ = {
			isa = PBXNativeTarget;
			buildConfigurationList = E6C36F21ECE8CF12E77D5E26 /* Build configuration list for PBXNativeTarget "ScheduleWidgetExtension" */;
			buildPhases = (
				6B80F0E8FDFC07F3C41DA979 /* Sources */,
			);
			buildRules = (
			);
			dependencies = (
			);
			name = ScheduleWidgetExtension;
			packageProductDependencies = (
			);
			productName = ScheduleWidgetExtension;
			productReference = 97B324C9F1AB5D40D49B5E29 /* ScheduleWidgetExtension.appex */;
			productType = "com.apple.product-type.app-extension";
		};
		92DAB7EEB3DD410E9174C54F /* PotatoBuddy */ = {
			isa = PBXNativeTarget;
			buildConfigurationList = 4AF0AEC96B91BBB0521A9AAB /* Build configuration list for PBXNativeTarget "PotatoBuddy" */;
			buildPhases = (
				43E637C661A8C764AF9DFF18 /* Sources */,
				B169C214686BBBF50A5EA5A9 /* Resources */,
			);
			buildRules = (
			);
			dependencies = (
			);
			name = PotatoBuddy;
			packageProductDependencies = (
			);
			productName = PotatoBuddy;
			productReference = A3AC895187BF5EB8BF855D3C /* PotatoBuddy.app */;
			productType = "com.apple.product-type.application";
		};
		D45BE051683D611D64F1B86F /* PotatoBuddyiOS */ = {
			isa = PBXNativeTarget;
			buildConfigurationList = B4E01DB805C50C48B6DA7A4C /* Build configuration list for PBXNativeTarget "PotatoBuddyiOS" */;
			buildPhases = (
				CE6CBF883395EA5D00AD94DC /* Sources */,
				58ECAEB6290F206BCB7B3063 /* Resources */,
				70803CE097796EA6B9BABA05 /* Embed Foundation Extensions */,
			);
			buildRules = (
			);
			dependencies = (
				6FCFF5CD571386E4F97C0328 /* PBXTargetDependency */,
			);
			name = PotatoBuddyiOS;
			packageProductDependencies = (
			);
			productName = PotatoBuddyiOS;
			productReference = DC39AB8BC8BEB8056A67FDB4 /* PotatoBuddyiOS.app */;
			productType = "com.apple.product-type.application";
		};
/* End PBXNativeTarget section */

/* Begin PBXProject section */
		EF4541F350B298A2E4439678 /* Project object */ = {
			isa = PBXProject;
			attributes = {
				BuildIndependentTargetsInParallel = YES;
				LastUpgradeCheck = 1430;
			};
			buildConfigurationList = DD166C9502968093C7E1C696 /* Build configuration list for PBXProject "PotatoBuddy" */;
			developmentRegion = en;
			hasScannedForEncodings = 0;
			knownRegions = (
				Base,
				en,
			);
			mainGroup = 882C2CB70475B3D250BA0157;
			minimizedProjectReferenceProxies = 1;
			preferredProjectObjectVersion = 77;
			productRefGroup = F8742928AEF3C31BE092B60D /* Products */;
			projectDirPath = "";
			projectRoot = "";
			targets = (
				92DAB7EEB3DD410E9174C54F /* PotatoBuddy */,
				D45BE051683D611D64F1B86F /* PotatoBuddyiOS */,
				4D643880567566133B42BA71 /* ScheduleWidgetExtension */,
			);
		};
/* End PBXProject section */

/* Begin PBXResourcesBuildPhase section */
		58ECAEB6290F206BCB7B3063 /* Resources */ = {
			isa = PBXResourcesBuildPhase;
			buildActionMask = 2147483647;
			files = (
				2E495F3BAC7718EAB6E0FB4C /* Assets.xcassets in Resources */,
				51DF8B94BE030B25BDFABE60 /* 모바일배경.png in Resources */,
				3FBDAC36601F0701A52E9D90 /* 앱이미지.png in Resources */,
				2DA5A0A4C9F98B31BECE0E43 /* 포실이(투명).png in Resources */,
				EF28384196877F786C0CED50 /* 포실이뽀모도로.png in Resources */,
				A8F3C1D0E2B7496A91C0D5E3 /* summer.png in Resources */,
			);
			runOnlyForDeploymentPostprocessing = 0;
		};
		B169C214686BBBF50A5EA5A9 /* Resources */ = {
			isa = PBXResourcesBuildPhase;
			buildActionMask = 2147483647;
			files = (
				9614CADE3D87EF9BA758FAF4 /* 물 주는 포실이.gif in Resources */,
				BF72152F5A83BBC8013D7216 /* 포실이 앱 아이콘.png in Resources */,
				6903FAAFADF91E26AED656F6 /* 포실이(투명).png in Resources */,
			);
			runOnlyForDeploymentPostprocessing = 0;
		};
/* End PBXResourcesBuildPhase section */

/* Begin PBXSourcesBuildPhase section */
		43E637C661A8C764AF9DFF18 /* Sources */ = {
			isa = PBXSourcesBuildPhase;
			buildActionMask = 2147483647;
			files = (
				199DCDDF68F8713C189D05FD /* AppDelegate.swift in Sources */,
				FC7F1B03C1972CCA1401550E /* AuthService.swift in Sources */,
				E55319BA3F5F13380251C8DB /* CharacterView.swift in Sources */,
				0D648CC2344F8F6DE1B44C6D /* ChatBubbleView.swift in Sources */,
				8F3CE139D3BD95A22AF354BB /* Config.swift in Sources */,
				3C139AFE68DCE619848DCB71 /* DiaryItem.swift in Sources */,
				52949332A075AC22A6D74643 /* DownwardBubbleShape.swift in Sources */,
				A91B2C3D4E5F60718293A03 /* TravelAbroadModels.swift in Sources */,
				FCE237435B2D654EEE2A4100 /* FloatingWindow.swift in Sources */,
				C4F4462F705B6C84836B0ECF /* HabitTrackerItem.swift in Sources */,
				7E18E6B2DE7080B7F6B76D0C /* LoginView.swift in Sources */,
				64C40FAC4244CB7FA87E505E /* Notifications.swift in Sources */,
				6B1E60F44EA898EC371A4B4E /* OverlayRootView.swift in Sources */,
				D2ED8A232E2920AC0D900135 /* PotatoBuddyApp.swift in Sources */,
				A4D32CEED0B186968C3C889E /* ScheduleItem.swift in Sources */,
				69E6B81F2C9230C1DCA47B37 /* SupabaseService.swift in Sources */,
				ACC434D4F3C6CB14E9B5D645 /* TaskItem.swift in Sources */,
				53051C295875E02B85336103 /* TodoViewModel.swift in Sources */,
			);
			runOnlyForDeploymentPostprocessing = 0;
		};
		6B80F0E8FDFC07F3C41DA979 /* Sources */ = {
			isa = PBXSourcesBuildPhase;
			buildActionMask = 2147483647;
			files = (
				FA02ED3C589CF9E19E54ECDC /* ScheduleWidgetBundle.swift in Sources */,
				92F16E8E33B86336DBB3B45E /* WidgetScheduleStore.swift in Sources */,
			);
			runOnlyForDeploymentPostprocessing = 0;
		};
		CE6CBF883395EA5D00AD94DC /* Sources */ = {
			isa = PBXSourcesBuildPhase;
			buildActionMask = 2147483647;
			files = (
				D159B7C3FCC77C25D462E9FE /* AuthService.swift in Sources */,
				3EC67E34991A9E1E85726F5E /* BacklogView.swift in Sources */,
				1B20A10E1FD42DE2DAD38071 /* Config.swift in Sources */,
				95DAAF8BAF3088F722036F91 /* ContentView.swift in Sources */,
				A7125755B5C6272EF6489109 /* DiaryItem.swift in Sources */,
				46548972895E7944B033EF46 /* DiaryListView.swift in Sources */,
				395ED4F51127F437671E11B5 /* DiaryWriteView.swift in Sources */,
				01882407C87EE8CD8545AD3A /* HabitTrackerCardView.swift in Sources */,
				108351B7AC1351E3A723006B /* HabitTrackerFormView.swift in Sources */,
				D8B31DB54794DFAA42FE92A2 /* HabitTrackerItem.swift in Sources */,
				310E2FEAB88A3E62E14EC700 /* HabitTrackerView.swift in Sources */,
				A64122DBEB6634B70B142AAC /* LoginView.swift in Sources */,
				680B1FB46FFFBEB496161FC8 /* MainTabView.swift in Sources */,
				185BD51875CC63C284691670 /* Notifications.swift in Sources */,
				DE251144FA08275BFCC4D540 /* PomodoroTimerViewModel.swift in Sources */,
				95A8B2A66477B99708E3829B /* PomodoroView.swift in Sources */,
				E912479265FEF7F1D9EB383C /* PotatoBuddyiOSApp.swift in Sources */,
				FEC7106BC26FF1ED93A540ED /* ScheduleCalendarView.swift in Sources */,
				DB972F13B96FFEC35DAD6E17 /* ScheduleItem.swift in Sources */,
				CAEC59D5B68A5480E504DBF2 /* ScheduleWidgetService.swift in Sources */,
				EF1F6C5100CD872A2E638934 /* SettingsView.swift in Sources */,
				A8F3C1D0E2B7496A91C0D5E1 /* SummerClockView.swift in Sources */,
				943E1D60032F7A8DC0C5C579 /* SupabaseService.swift in Sources */,
				46AC3A0AFBE0EE18BAD84F1B /* TaskItem.swift in Sources */,
				E07C57782C90A202B7737328 /* TodayView.swift in Sources */,
				A91B2C3D4E5F60718293A02 /* TravelAbroadModels.swift in Sources */,
				A91B2C3D4E5F60718293A32 /* TravelItineraryCreateView.swift in Sources */,
				A91B2C3D4E5F60718293A22 /* TravelItineraryDetailView.swift in Sources */,
				A91B2C3D4E5F60718293A42 /* TravelItineraryItemFormView.swift in Sources */,
				A91B2C3D4E5F60718293A52 /* TravelItineraryPackingListView.swift in Sources */,
				A91B2C3D4E5F60718293A62 /* TravelItinerarySpareListView.swift in Sources */,
				A91B2C3D4E5F60718293A72 /* TravelItinerarySouvenirListView.swift in Sources */,
				A91B2C3D4E5F60718293A12 /* TravelItineraryView.swift in Sources */,
				674E1DDC6C3A3C05E535859C /* WidgetScheduleStore.swift in Sources */,
			);
			runOnlyForDeploymentPostprocessing = 0;
		};
/* End PBXSourcesBuildPhase section */

/* Begin PBXTargetDependency section */
		6FCFF5CD571386E4F97C0328 /* PBXTargetDependency */ = {
			isa = PBXTargetDependency;
			target = 4D643880567566133B42BA71 /* ScheduleWidgetExtension */;
			targetProxy = 051E61E9A6E144DFBECF09F0 /* PBXContainerItemProxy */;
		};
/* End PBXTargetDependency section */

/* Begin XCBuildConfiguration section */
		122C59B9CE0D69820DEC3234 /* Debug */ = {
			isa = XCBuildConfiguration;
			buildSettings = {
				CODE_SIGN_ENTITLEMENTS = ScheduleWidget/ScheduleWidget.entitlements;
				DEVELOPMENT_TEAM = 98UVS55F5Y;
				INFOPLIST_FILE = ScheduleWidget/Info.plist;
				IPHONEOS_DEPLOYMENT_TARGET = 17.0;
				LD_RUNPATH_SEARCH_PATHS = (
					"$(inherited)",
					"@executable_path/Frameworks",
					"@executable_path/../../Frameworks",
				);
				PRODUCT_BUNDLE_IDENTIFIER = com.youngryul.potatobuddy.ios.schedulewidget;
				SDKROOT = iphoneos;
				TARGETED_DEVICE_FAMILY = "1,2";
			};
			name = Debug;
		};
		43CCA6676C7F54BE70E111DF /* Release */ = {
			isa = XCBuildConfiguration;
			buildSettings = {
				ASSETCATALOG_COMPILER_APPICON_NAME = AppIcon;
				CODE_SIGN_ENTITLEMENTS = PotatoBuddyiOS/PotatoBuddyiOS.entitlements;
				CODE_SIGN_IDENTITY = "iPhone Developer";
				DEVELOPMENT_TEAM = 98UVS55F5Y;
				INFOPLIST_FILE = PotatoBuddyiOS/Info.plist;
				IPHONEOS_DEPLOYMENT_TARGET = 17.0;
				LD_RUNPATH_SEARCH_PATHS = (
					"$(inherited)",
					"@executable_path/Frameworks",
				);
				PRODUCT_BUNDLE_IDENTIFIER = com.youngryul.potatobuddy.ios;
				SDKROOT = iphoneos;
				TARGETED_DEVICE_FAMILY = "1,2";
			};
			name = Release;
		};
		45DD3783C25A37F8BACF1766 /* Release */ = {
			isa = XCBuildConfiguration;
			buildSettings = {
				ASSETCATALOG_COMPILER_APPICON_NAME = AppIcon;
				CODE_SIGN_ENTITLEMENTS = PotatoBuddy/PotatoBuddy.entitlements;
				COMBINE_HIDPI_IMAGES = YES;
				INFOPLIST_FILE = PotatoBuddy/Info.plist;
				LD_RUNPATH_SEARCH_PATHS = (
					"$(inherited)",
					"@executable_path/../Frameworks",
				);
				PRODUCT_BUNDLE_IDENTIFIER = com.youngryul.potatobuddy;
				SDKROOT = macosx;
			};
			name = Release;
		};
		66E0B2B2C925FDC89ADAB241 /* Release */ = {
			isa = XCBuildConfiguration;
			buildSettings = {
				ALWAYS_SEARCH_USER_PATHS = NO;
				CLANG_ANALYZER_NONNULL = YES;
				CLANG_ANALYZER_NUMBER_OBJECT_CONVERSION = YES_AGGRESSIVE;
				CLANG_CXX_LANGUAGE_STANDARD = "gnu++14";
				CLANG_CXX_LIBRARY = "libc++";
				CLANG_ENABLE_MODULES = YES;
				CLANG_ENABLE_OBJC_ARC = YES;
				CLANG_ENABLE_OBJC_WEAK = YES;
				CLANG_WARN_BLOCK_CAPTURE_AUTORELEASING = YES;
				CLANG_WARN_BOOL_CONVERSION = YES;
				CLANG_WARN_COMMA = YES;
				CLANG_WARN_CONSTANT_CONVERSION = YES;
				CLANG_WARN_DEPRECATED_OBJC_IMPLEMENTATIONS = YES;
				CLANG_WARN_DIRECT_OBJC_ISA_USAGE = YES_ERROR;
				CLANG_WARN_DOCUMENTATION_COMMENTS = YES;
				CLANG_WARN_EMPTY_BODY = YES;
				CLANG_WARN_ENUM_CONVERSION = YES;
				CLANG_WARN_INFINITE_RECURSION = YES;
				CLANG_WARN_INT_CONVERSION = YES;
				CLANG_WARN_NON_LITERAL_NULL_CONVERSION = YES;
				CLANG_WARN_OBJC_IMPLICIT_RETAIN_SELF = YES;
				CLANG_WARN_OBJC_LITERAL_CONVERSION = YES;
				CLANG_WARN_OBJC_ROOT_CLASS = YES_ERROR;
				CLANG_WARN_QUOTED_INCLUDE_IN_FRAMEWORK_HEADER = YES;
				CLANG_WARN_RANGE_LOOP_ANALYSIS = YES;
				CLANG_WARN_STRICT_PROTOTYPES = YES;
				CLANG_WARN_SUSPICIOUS_MOVE = YES;
				CLANG_WARN_UNGUARDED_AVAILABILITY = YES_AGGRESSIVE;
				CLANG_WARN_UNREACHABLE_CODE = YES;
				CLANG_WARN__DUPLICATE_METHOD_MATCH = YES;
				COPY_PHASE_STRIP = NO;
				DEBUG_INFORMATION_FORMAT = "dwarf-with-dsym";
				ENABLE_NS_ASSERTIONS = NO;
				ENABLE_STRICT_OBJC_MSGSEND = YES;
				GCC_C_LANGUAGE_STANDARD = gnu11;
				GCC_NO_COMMON_BLOCKS = YES;
				GCC_WARN_64_TO_32_BIT_CONVERSION = YES;
				GCC_WARN_ABOUT_RETURN_TYPE = YES_ERROR;
				GCC_WARN_UNDECLARED_SELECTOR = YES;
				GCC_WARN_UNINITIALIZED_AUTOS = YES_AGGRESSIVE;
				GCC_WARN_UNUSED_FUNCTION = YES;
				GCC_WARN_UNUSED_VARIABLE = YES;
				IPHONEOS_DEPLOYMENT_TARGET = 17.0;
				MACOSX_DEPLOYMENT_TARGET = 14.0;
				MTL_ENABLE_DEBUG_INFO = NO;
				MTL_FAST_MATH = YES;
				PRODUCT_NAME = "$(TARGET_NAME)";
				SWIFT_COMPILATION_MODE = wholemodule;
				SWIFT_OPTIMIZATION_LEVEL = "-O";
				SWIFT_VERSION = 5.9;
			};
			name = Release;
		};
		BFB39B27489570EA535ED20F /* Release */ = {
			isa = XCBuildConfiguration;
			buildSettings = {
				CODE_SIGN_ENTITLEMENTS = ScheduleWidget/ScheduleWidget.entitlements;
				DEVELOPMENT_TEAM = 98UVS55F5Y;
				INFOPLIST_FILE = ScheduleWidget/Info.plist;
				IPHONEOS_DEPLOYMENT_TARGET = 17.0;
				LD_RUNPATH_SEARCH_PATHS = (
					"$(inherited)",
					"@executable_path/Frameworks",
					"@executable_path/../../Frameworks",
				);
				PRODUCT_BUNDLE_IDENTIFIER = com.youngryul.potatobuddy.ios.schedulewidget;
				SDKROOT = iphoneos;
				TARGETED_DEVICE_FAMILY = "1,2";
			};
			name = Release;
		};
		C418C4E3E7DA07B68D929144 /* Debug */ = {
			isa = XCBuildConfiguration;
			buildSettings = {
				ASSETCATALOG_COMPILER_APPICON_NAME = AppIcon;
				CODE_SIGN_ENTITLEMENTS = PotatoBuddy/PotatoBuddy.entitlements;
				COMBINE_HIDPI_IMAGES = YES;
				INFOPLIST_FILE = PotatoBuddy/Info.plist;
				LD_RUNPATH_SEARCH_PATHS = (
					"$(inherited)",
					"@executable_path/../Frameworks",
				);
				PRODUCT_BUNDLE_IDENTIFIER = com.youngryul.potatobuddy;
				SDKROOT = macosx;
			};
			name = Debug;
		};
		D4E5F243164FCA5179CB9764 /* Debug */ = {
			isa = XCBuildConfiguration;
			buildSettings = {
				ASSETCATALOG_COMPILER_APPICON_NAME = AppIcon;
				CODE_SIGN_ENTITLEMENTS = PotatoBuddyiOS/PotatoBuddyiOS.entitlements;
				CODE_SIGN_IDENTITY = "iPhone Developer";
				DEVELOPMENT_TEAM = 98UVS55F5Y;
				INFOPLIST_FILE = PotatoBuddyiOS/Info.plist;
				IPHONEOS_DEPLOYMENT_TARGET = 17.0;
				LD_RUNPATH_SEARCH_PATHS = (
					"$(inherited)",
					"@executable_path/Frameworks",
				);
				PRODUCT_BUNDLE_IDENTIFIER = com.youngryul.potatobuddy.ios;
				SDKROOT = iphoneos;
				TARGETED_DEVICE_FAMILY = "1,2";
			};
			name = Debug;
		};
		F188C2AF09BBF03B139E3658 /* Debug */ = {
			isa = XCBuildConfiguration;
			buildSettings = {
				ALWAYS_SEARCH_USER_PATHS = NO;
				CLANG_ANALYZER_NONNULL = YES;
				CLANG_ANALYZER_NUMBER_OBJECT_CONVERSION = YES_AGGRESSIVE;
				CLANG_CXX_LANGUAGE_STANDARD = "gnu++14";
				CLANG_CXX_LIBRARY = "libc++";
				CLANG_ENABLE_MODULES = YES;
				CLANG_ENABLE_OBJC_ARC = YES;
				CLANG_ENABLE_OBJC_WEAK = YES;
				CLANG_WARN_BLOCK_CAPTURE_AUTORELEASING = YES;
				CLANG_WARN_BOOL_CONVERSION = YES;
				CLANG_WARN_COMMA = YES;
				CLANG_WARN_CONSTANT_CONVERSION = YES;
				CLANG_WARN_DEPRECATED_OBJC_IMPLEMENTATIONS = YES;
				CLANG_WARN_DIRECT_OBJC_ISA_USAGE = YES_ERROR;
				CLANG_WARN_DOCUMENTATION_COMMENTS = YES;
				CLANG_WARN_EMPTY_BODY = YES;
				CLANG_WARN_ENUM_CONVERSION = YES;
				CLANG_WARN_INFINITE_RECURSION = YES;
				CLANG_WARN_INT_CONVERSION = YES;
				CLANG_WARN_NON_LITERAL_NULL_CONVERSION = YES;
				CLANG_WARN_OBJC_IMPLICIT_RETAIN_SELF = YES;
				CLANG_WARN_OBJC_LITERAL_CONVERSION = YES;
				CLANG_WARN_OBJC_ROOT_CLASS = YES_ERROR;
				CLANG_WARN_QUOTED_INCLUDE_IN_FRAMEWORK_HEADER = YES;
				CLANG_WARN_RANGE_LOOP_ANALYSIS = YES;
				CLANG_WARN_STRICT_PROTOTYPES = YES;
				CLANG_WARN_SUSPICIOUS_MOVE = YES;
				CLANG_WARN_UNGUARDED_AVAILABILITY = YES_AGGRESSIVE;
				CLANG_WARN_UNREACHABLE_CODE = YES;
				CLANG_WARN__DUPLICATE_METHOD_MATCH = YES;
				COPY_PHASE_STRIP = NO;
				DEBUG_INFORMATION_FORMAT = dwarf;
				ENABLE_STRICT_OBJC_MSGSEND = YES;
				ENABLE_TESTABILITY = YES;
				GCC_C_LANGUAGE_STANDARD = gnu11;
				GCC_DYNAMIC_NO_PIC = NO;
				GCC_NO_COMMON_BLOCKS = YES;
				GCC_OPTIMIZATION_LEVEL = 0;
				GCC_PREPROCESSOR_DEFINITIONS = (
					"$(inherited)",
					"DEBUG=1",
				);
				GCC_WARN_64_TO_32_BIT_CONVERSION = YES;
				GCC_WARN_ABOUT_RETURN_TYPE = YES_ERROR;
				GCC_WARN_UNDECLARED_SELECTOR = YES;
				GCC_WARN_UNINITIALIZED_AUTOS = YES_AGGRESSIVE;
				GCC_WARN_UNUSED_FUNCTION = YES;
				GCC_WARN_UNUSED_VARIABLE = YES;
				IPHONEOS_DEPLOYMENT_TARGET = 17.0;
				MACOSX_DEPLOYMENT_TARGET = 14.0;
				MTL_ENABLE_DEBUG_INFO = INCLUDE_SOURCE;
				MTL_FAST_MATH = YES;
				ONLY_ACTIVE_ARCH = YES;
				PRODUCT_NAME = "$(TARGET_NAME)";
				SWIFT_ACTIVE_COMPILATION_CONDITIONS = DEBUG;
				SWIFT_OPTIMIZATION_LEVEL = "-Onone";
				SWIFT_VERSION = 5.9;
			};
			name = Debug;
		};
/* End XCBuildConfiguration section */

/* Begin XCConfigurationList section */
		4AF0AEC96B91BBB0521A9AAB /* Build configuration list for PBXNativeTarget "PotatoBuddy" */ = {
			isa = XCConfigurationList;
			buildConfigurations = (
				C418C4E3E7DA07B68D929144 /* Debug */,
				45DD3783C25A37F8BACF1766 /* Release */,
			);
			defaultConfigurationIsVisible = 0;
			defaultConfigurationName = Debug;
		};
		B4E01DB805C50C48B6DA7A4C /* Build configuration list for PBXNativeTarget "PotatoBuddyiOS" */ = {
			isa = XCConfigurationList;
			buildConfigurations = (
				D4E5F243164FCA5179CB9764 /* Debug */,
				43CCA6676C7F54BE70E111DF /* Release */,
			);
			defaultConfigurationIsVisible = 0;
			defaultConfigurationName = Debug;
		};
		DD166C9502968093C7E1C696 /* Build configuration list for PBXProject "PotatoBuddy" */ = {
			isa = XCConfigurationList;
			buildConfigurations = (
				F188C2AF09BBF03B139E3658 /* Debug */,
				66E0B2B2C925FDC89ADAB241 /* Release */,
			);
			defaultConfigurationIsVisible = 0;
			defaultConfigurationName = Debug;
		};
		E6C36F21ECE8CF12E77D5E26 /* Build configuration list for PBXNativeTarget "ScheduleWidgetExtension" */ = {
			isa = XCConfigurationList;
			buildConfigurations = (
				122C59B9CE0D69820DEC3234 /* Debug */,
				BFB39B27489570EA535ED20F /* Release */,
			);
			defaultConfigurationIsVisible = 0;
			defaultConfigurationName = Debug;
		};
/* End XCConfigurationList section */
	};
	rootObject = EF4541F350B298A2E4439678 /* Project object */;
}
